
Microsoft Visual Studio Solution File, Format Version 12.00
# Visual Studio Version 17
VisualStudioVersion = 17.0.31825.309
MinimumVisualStudioVersion = 10.0.40219.1
Project("{9A19103F-16F7-4668-BE54-9A1E7A4F7556}") = "MultiThreading", "MultiThreading\MultiThreading.csproj", "{128BDA1E-687A-45CD-B77F-9E848B80C8F9}"
EndProject
Project("{9A19103F-16F7-4668-BE54-9A1E7A4F7556}") = "Visualize", "Visualize\Visualize.csproj", "{91B6D120-641B-4B96-B0B7-436BAB67C174}"
EndProject
Project("{2150E333-8FDC-42A3-9474-1A3956D46DE8}") = "Chess", "Chess", "{660D5C54-A3B5-472D-8599-A792453654C5}"
EndProject
Project("{2150E333-8FDC-42A3-9474-1A3956D46DE8}") = "Model-Centeric", "Model-Centeric", "{F2E46D69-4E31-4FE8-9C92-D2B3EB035B16}"
EndProject
Project("{2150E333-8FDC-42A3-9474-1A3956D46DE8}") = "Move-Centeric", "Move-Centeric", "{A73A6826-E3EB-489C-AC06-0005E3D3C08A}"
EndProject
Project("{2150E333-8FDC-42A3-9474-1A3956D46DE8}") = "SocialMedia", "SocialMedia", "{E2095176-BC15-4470-A6A4-E05402AC4F74}"
EndProject
Project("{9A19103F-16F7-4668-BE54-9A1E7A4F7556}") = "Challenges.Library", "Challenges\Challenges.Library\Challenges.Library.csproj", "{4A0D558A-27FF-4F06-BFE3-6EF50FA87688}"
EndProject
Project("{2150E333-8FDC-42A3-9474-1A3956D46DE8}") = "Challenges", "Challenges", "{475255B3-A1C1-4C90-A24D-FAF3C71FFABD}"
EndProject
Project("{9A19103F-16F7-4668-BE54-9A1E7A4F7556}") = "Challenges.Tests", "Challenges\Challenges.Tests\Challenges.Tests.csproj", "{C5729AA7-2484-43BE-8E3C-63BF3CF23CC7}"
EndProject
Project("{2150E333-8FDC-42A3-9474-1A3956D46DE8}") = "OOP Samples", "OOP Samples", "{402E34C0-20E3-46BD-B418-0F1B5E0A90CE}"
EndProject
Project("{9A19103F-16F7-4668-BE54-9A1E7A4F7556}") = "ChessTests", "OOP Samples\Chess\Chess.Tests\ChessTests.csproj", "{4F10293E-E206-413F-94AE-F452C01CEE7D}"
EndProject
Project("{9A19103F-16F7-4668-BE54-9A1E7A4F7556}") = "ChessCore", "OOP Samples\Chess\ChessCore\ChessCore.csproj", "{F92FAEDB-118F-418A-95D1-15D63B9442D6}"
EndProject
Project("{9A19103F-16F7-4668-BE54-9A1E7A4F7556}") = "ChessMoves", "OOP Samples\Chess\ChessMoves\ChessMoves.csproj", "{8CEB27A0-DE1D-4880-BAB4-89A1C7587189}"
EndProject
Project("{9A19103F-16F7-4668-BE54-9A1E7A4F7556}") = "ChessMovesTests", "OOP Samples\Chess\ChessMovesTests\ChessMovesTests.csproj", "{9FCC0870-A6C4-4358-B16E-41F1D7FFFDA2}"
EndProject
Project("{9A19103F-16F7-4668-BE54-9A1E7A4F7556}") = "SocialMediaTests", "OOP Samples\SocialMedia\SocialMediaTests\SocialMediaTests.csproj", "{8A9B1727-DF0B-41A3-91CE-0783CDD42C73}"
EndProject
Project("{2150E333-8FDC-42A3-9474-1A3956D46DE8}") = "Unit Tests", "Unit Tests", "{B648F456-4C09-490C-BDBD-418233DF2E7A}"
EndProject
Project("{FAE04EC0-301F-11D3-BF4B-00C04F79EFBC}") = "MsTest.NetFramework", "OOP Samples\Unit Tests\MsTest.NetFramework\MsTest.NetFramework.csproj", "{B332704C-EEF2-4F11-860E-9D1A66363B63}"
EndProject
Project("{9A19103F-16F7-4668-BE54-9A1E7A4F7556}") = "XUnitTest.NetCore", "OOP Samples\Unit Tests\XUnitTest.NetCore\XUnitTest.NetCore.csproj", "{8CD227A4-7669-4C31-8EFE-6EA96C260818}"
EndProject
Project("{9A19103F-16F7-4668-BE54-9A1E7A4F7556}") = "CSharp", "CSharp\CSharp.csproj", "{DA418FC0-6C34-4234-8EDA-1FB5D6A3D396}"
EndProject
Project("{9A19103F-16F7-4668-BE54-9A1E7A4F7556}") = "Helper", "Helper\Helper.csproj", "{D3B97DD1-F768-450F-964D-EBFF9F1CAA13}"
EndProject
Project("{2150E333-8FDC-42A3-9474-1A3956D46DE8}") = "_Solution Items", "_Solution Items", "{04B59AF7-FA2D-40FF-BF48-0FC9C05FA654}"
	ProjectSection(SolutionItems) = preProject
		Technical Stack.txt = Technical Stack.txt
	EndProjectSection
EndProject
Project("{2150E333-8FDC-42A3-9474-1A3956D46DE8}") = "Design Patterns", "Design Patterns", "{35A4D330-651D-4DF0-8EE6-7CCCACAB5AD9}"
EndProject
Project("{9A19103F-16F7-4668-BE54-9A1E7A4F7556}") = "DesignPatternsLibrary", "Design Patterns\DesignPatternsLibrary\DesignPatternsLibrary.csproj", "{25844ABC-1EA6-4E33-B7E7-AC3829D670D7}"
EndProject
Project("{2150E333-8FDC-42A3-9474-1A3956D46DE8}") = "CodeClinic", "CodeClinic", "{1E9160FF-DA6F-40A5-983A-4446BDDC3D12}"
EndProject
Project("{2150E333-8FDC-42A3-9474-1A3956D46DE8}") = "PondOreille", "PondOreille", "{88DDD70B-AD97-435A-B13B-F364D90A7C05}"
EndProject
Project("{9A19103F-16F7-4668-BE54-9A1E7A4F7556}") = "WeatherData.Tests", "Challenges\CodeClinic\PondOreille\WeatherData.Tests\WeatherData.Tests.csproj", "{E9A4C1A9-80B8-4DFD-AA59-34A8FBAE8523}"
EndProject
Project("{9A19103F-16F7-4668-BE54-9A1E7A4F7556}") = "WeatherData", "Challenges\CodeClinic\PondOreille\WeatherData\WeatherData.csproj", "{06AC9BBB-2FD2-4E81-96CE-26BCC634E849}"
EndProject
Project("{9A19103F-16F7-4668-BE54-9A1E7A4F7556}") = "WeatherData.LiveCharts", "Challenges\CodeClinic\PondOreille\WeatherData.LiveCharts\WeatherData.LiveCharts.csproj", "{D0D3933D-CBAF-42D7-9444-DCDC0BE2DE25}"
EndProject
Project("{2150E333-8FDC-42A3-9474-1A3956D46DE8}") = "LeetCode", "LeetCode", "{3515477D-4DA9-4F5D-B237-C78A9E27F856}"
EndProject
Project("{9A19103F-16F7-4668-BE54-9A1E7A4F7556}") = "Challenges.LeetCode", "Challenges\LeetCode\Challenges.LeetCode\Challenges.LeetCode.csproj", "{1F0BA5E5-3380-4662-9428-B19B2429BBF0}"
EndProject
Project("{9A19103F-16F7-4668-BE54-9A1E7A4F7556}") = "Challenges.LeetCode.Tests", "Challenges\LeetCode\Challenges.LeetCode.Tests\Challenges.LeetCode.Tests.csproj", "{E70F38C8-DDD9-41CC-AD89-6EF021A78ACA}"
EndProject
Project("{2150E333-8FDC-42A3-9474-1A3956D46DE8}") = "EightQueens", "EightQueens", "{25383714-6692-41CA-9D27-744B8E0353D4}"
EndProject
Project("{9A19103F-16F7-4668-BE54-9A1E7A4F7556}") = "EightQueens.Chess", "Challenges\CodeClinic\EightQueens\EightQueens.Chess\EightQueens.Chess.csproj", "{B499A20A-EA47-4965-B76C-4048BC47CA7A}"
EndProject
Project("{9A19103F-16F7-4668-BE54-9A1E7A4F7556}") = "EightQueens.Tests", "Challenges\CodeClinic\EightQueens\EightQueens.Tests\EightQueens.Tests.csproj", "{433C92BD-FB53-4DB7-8188-240991F07979}"
EndProject
Project("{9A19103F-16F7-4668-BE54-9A1E7A4F7556}") = "Problems.LeetCode", "Challenges\LeetCode\Problems.LeetCode\Problems.LeetCode.csproj", "{DD2D1446-5E9D-42B5-943F-B38B24EB9237}"
EndProject
Project("{9A19103F-16F7-4668-BE54-9A1E7A4F7556}") = "Problems.LeetCode.Tests", "Challenges\LeetCode\Problems.LeetCode.Tests\Problems.LeetCode.Tests.csproj", "{768FE796-ECFF-45CC-AFDC-045FAEF0572D}"
EndProject
Project("{9A19103F-16F7-4668-BE54-9A1E7A4F7556}") = "LeetCode.Common", "Challenges\LeetCode\LeetCode.Common\LeetCode.Common.csproj", "{7B3FB852-C41C-4A61-AE51-F19F29CF14C7}"
EndProject
Project("{2150E333-8FDC-42A3-9474-1A3956D46DE8}") = "Other", "Other", "{C3A6CF17-B007-4EB5-AEB5-27F139282162}"
EndProject
Project("{FAE04EC0-301F-11D3-BF4B-00C04F79EFBC}") = "Challenges.Other.Tests", "Challenges\Other\Challenges.Other.Tests\Challenges.Other.Tests.csproj", "{861A0711-CFCF-4023-9BDD-81E3CC162114}"
EndProject
Project("{9A19103F-16F7-4668-BE54-9A1E7A4F7556}") = "Challenges.Other", "Challenges\Other\Challenges.Other\Challenges.Other.csproj", "{A9549DFA-5ED9-47F7-9528-11665B8D61B2}"
EndProject
Global
	GlobalSection(SolutionConfigurationPlatforms) = preSolution
		Debug|Any CPU = Debug|Any CPU
		Release|Any CPU = Release|Any CPU
	EndGlobalSection
	GlobalSection(ProjectConfigurationPlatforms) = postSolution
		{128BDA1E-687A-45CD-B77F-9E848B80C8F9}.Debug|Any CPU.ActiveCfg = Debug|Any CPU
		{128BDA1E-687A-45CD-B77F-9E848B80C8F9}.Debug|Any CPU.Build.0 = Debug|Any CPU
		{128BDA1E-687A-45CD-B77F-9E848B80C8F9}.Release|Any CPU.ActiveCfg = Release|Any CPU
		{128BDA1E-687A-45CD-B77F-9E848B80C8F9}.Release|Any CPU.Build.0 = Release|Any CPU
		{91B6D120-641B-4B96-B0B7-436BAB67C174}.Debug|Any CPU.ActiveCfg = Debug|Any CPU
		{91B6D120-641B-4B96-B0B7-436BAB67C174}.Debug|Any CPU.Build.0 = Debug|Any CPU
		{91B6D120-641B-4B96-B0B7-436BAB67C174}.Release|Any CPU.ActiveCfg = Release|Any CPU
		{91B6D120-641B-4B96-B0B7-436BAB67C174}.Release|Any CPU.Build.0 = Release|Any CPU
		{4A0D558A-27FF-4F06-BFE3-6EF50FA87688}.Debug|Any CPU.ActiveCfg = Debug|Any CPU
		{4A0D558A-27FF-4F06-BFE3-6EF50FA87688}.Debug|Any CPU.Build.0 = Debug|Any CPU
		{4A0D558A-27FF-4F06-BFE3-6EF50FA87688}.Release|Any CPU.ActiveCfg = Release|Any CPU
		{4A0D558A-27FF-4F06-BFE3-6EF50FA87688}.Release|Any CPU.Build.0 = Release|Any CPU
		{C5729AA7-2484-43BE-8E3C-63BF3CF23CC7}.Debug|Any CPU.ActiveCfg = Debug|Any CPU
		{C5729AA7-2484-43BE-8E3C-63BF3CF23CC7}.Debug|Any CPU.Build.0 = Debug|Any CPU
		{C5729AA7-2484-43BE-8E3C-63BF3CF23CC7}.Release|Any CPU.ActiveCfg = Release|Any CPU
		{C5729AA7-2484-43BE-8E3C-63BF3CF23CC7}.Release|Any CPU.Build.0 = Release|Any CPU
		{4F10293E-E206-413F-94AE-F452C01CEE7D}.Debug|Any CPU.ActiveCfg = Debug|Any CPU
		{4F10293E-E206-413F-94AE-F452C01CEE7D}.Debug|Any CPU.Build.0 = Debug|Any CPU
		{4F10293E-E206-413F-94AE-F452C01CEE7D}.Release|Any CPU.ActiveCfg = Release|Any CPU
		{4F10293E-E206-413F-94AE-F452C01CEE7D}.Release|Any CPU.Build.0 = Release|Any CPU
		{F92FAEDB-118F-418A-95D1-15D63B9442D6}.Debug|Any CPU.ActiveCfg = Debug|Any CPU
		{F92FAEDB-118F-418A-95D1-15D63B9442D6}.Debug|Any CPU.Build.0 = Debug|Any CPU
		{F92FAEDB-118F-418A-95D1-15D63B9442D6}.Release|Any CPU.ActiveCfg = Release|Any CPU
		{F92FAEDB-118F-418A-95D1-15D63B9442D6}.Release|Any CPU.Build.0 = Release|Any CPU
		{8CEB27A0-DE1D-4880-BAB4-89A1C7587189}.Debug|Any CPU.ActiveCfg = Debug|Any CPU
		{8CEB27A0-DE1D-4880-BAB4-89A1C7587189}.Debug|Any CPU.Build.0 = Debug|Any CPU
		{8CEB27A0-DE1D-4880-BAB4-89A1C7587189}.Release|Any CPU.ActiveCfg = Release|Any CPU
		{8CEB27A0-DE1D-4880-BAB4-89A1C7587189}.Release|Any CPU.Build.0 = Release|Any CPU
		{9FCC0870-A6C4-4358-B16E-41F1D7FFFDA2}.Debug|Any CPU.ActiveCfg = Debug|Any CPU
		{9FCC0870-A6C4-4358-B16E-41F1D7FFFDA2}.Debug|Any CPU.Build.0 = Debug|Any CPU
		{9FCC0870-A6C4-4358-B16E-41F1D7FFFDA2}.Release|Any CPU.ActiveCfg = Release|Any CPU
		{9FCC0870-A6C4-4358-B16E-41F1D7FFFDA2}.Release|Any CPU.Build.0 = Release|Any CPU
		{8A9B1727-DF0B-41A3-91CE-0783CDD42C73}.Debug|Any CPU.ActiveCfg = Debug|Any CPU
		{8A9B1727-DF0B-41A3-91CE-0783CDD42C73}.Debug|Any CPU.Build.0 = Debug|Any CPU
		{8A9B1727-DF0B-41A3-91CE-0783CDD42C73}.Release|Any CPU.ActiveCfg = Release|Any CPU
		{8A9B1727-DF0B-41A3-91CE-0783CDD42C73}.Release|Any CPU.Build.0 = Release|Any CPU
		{B332704C-EEF2-4F11-860E-9D1A66363B63}.Debug|Any CPU.ActiveCfg = Debug|Any CPU
		{B332704C-EEF2-4F11-860E-9D1A66363B63}.Debug|Any CPU.Build.0 = Debug|Any CPU
		{B332704C-EEF2-4F11-860E-9D1A66363B63}.Release|Any CPU.ActiveCfg = Release|Any CPU
		{B332704C-EEF2-4F11-860E-9D1A66363B63}.Release|Any CPU.Build.0 = Release|Any CPU
		{8CD227A4-7669-4C31-8EFE-6EA96C260818}.Debug|Any CPU.ActiveCfg = Debug|Any CPU
		{8CD227A4-7669-4C31-8EFE-6EA96C260818}.Debug|Any CPU.Build.0 = Debug|Any CPU
		{8CD227A4-7669-4C31-8EFE-6EA96C260818}.Release|Any CPU.ActiveCfg = Release|Any CPU
		{8CD227A4-7669-4C31-8EFE-6EA96C260818}.Release|Any CPU.Build.0 = Release|Any CPU
		{DA418FC0-6C34-4234-8EDA-1FB5D6A3D396}.Debug|Any CPU.ActiveCfg = Debug|Any CPU
		{DA418FC0-6C34-4234-8EDA-1FB5D6A3D396}.Debug|Any CPU.Build.0 = Debug|Any CPU
		{DA418FC0-6C34-4234-8EDA-1FB5D6A3D396}.Release|Any CPU.ActiveCfg = Release|Any CPU
		{DA418FC0-6C34-4234-8EDA-1FB5D6A3D396}.Release|Any CPU.Build.0 = Release|Any CPU
		{D3B97DD1-F768-450F-964D-EBFF9F1CAA13}.Debug|Any CPU.ActiveCfg = Debug|Any CPU
		{D3B97DD1-F768-450F-964D-EBFF9F1CAA13}.Debug|Any CPU.Build.0 = Debug|Any CPU
		{D3B97DD1-F768-450F-964D-EBFF9F1CAA13}.Release|Any CPU.ActiveCfg = Release|Any CPU
		{D3B97DD1-F768-450F-964D-EBFF9F1CAA13}.Release|Any CPU.Build.0 = Release|Any CPU
		{25844ABC-1EA6-4E33-B7E7-AC3829D670D7}.Debug|Any CPU.ActiveCfg = Debug|Any CPU
		{25844ABC-1EA6-4E33-B7E7-AC3829D670D7}.Debug|Any CPU.Build.0 = Debug|Any CPU
		{25844ABC-1EA6-4E33-B7E7-AC3829D670D7}.Release|Any CPU.ActiveCfg = Release|Any CPU
		{25844ABC-1EA6-4E33-B7E7-AC3829D670D7}.Release|Any CPU.Build.0 = Release|Any CPU
		{E9A4C1A9-80B8-4DFD-AA59-34A8FBAE8523}.Debug|Any CPU.ActiveCfg = Debug|Any CPU
		{E9A4C1A9-80B8-4DFD-AA59-34A8FBAE8523}.Debug|Any CPU.Build.0 = Debug|Any CPU
		{E9A4C1A9-80B8-4DFD-AA59-34A8FBAE8523}.Release|Any CPU.ActiveCfg = Release|Any CPU
		{E9A4C1A9-80B8-4DFD-AA59-34A8FBAE8523}.Release|Any CPU.Build.0 = Release|Any CPU
		{06AC9BBB-2FD2-4E81-96CE-26BCC634E849}.Debug|Any CPU.ActiveCfg = Debug|Any CPU
		{06AC9BBB-2FD2-4E81-96CE-26BCC634E849}.Debug|Any CPU.Build.0 = Debug|Any CPU
		{06AC9BBB-2FD2-4E81-96CE-26BCC634E849}.Release|Any CPU.ActiveCfg = Release|Any CPU
		{06AC9BBB-2FD2-4E81-96CE-26BCC634E849}.Release|Any CPU.Build.0 = Release|Any CPU
		{D0D3933D-CBAF-42D7-9444-DCDC0BE2DE25}.Debug|Any CPU.ActiveCfg = Debug|Any CPU
		{D0D3933D-CBAF-42D7-9444-DCDC0BE2DE25}.Debug|Any CPU.Build.0 = Debug|Any CPU
		{D0D3933D-CBAF-42D7-9444-DCDC0BE2DE25}.Release|Any CPU.ActiveCfg = Release|Any CPU
		{D0D3933D-CBAF-42D7-9444-DCDC0BE2DE25}.Release|Any CPU.Build.0 = Release|Any CPU
		{1F0BA5E5-3380-4662-9428-B19B2429BBF0}.Debug|Any CPU.ActiveCfg = Debug|Any CPU
		{1F0BA5E5-3380-4662-9428-B19B2429BBF0}.Debug|Any CPU.Build.0 = Debug|Any CPU
		{1F0BA5E5-3380-4662-9428-B19B2429BBF0}.Release|Any CPU.ActiveCfg = Release|Any CPU
		{1F0BA5E5-3380-4662-9428-B19B2429BBF0}.Release|Any CPU.Build.0 = Release|Any CPU
		{E70F38C8-DDD9-41CC-AD89-6EF021A78ACA}.Debug|Any CPU.ActiveCfg = Debug|Any CPU
		{E70F38C8-DDD9-41CC-AD89-6EF021A78ACA}.Debug|Any CPU.Build.0 = Debug|Any CPU
		{E70F38C8-DDD9-41CC-AD89-6EF021A78ACA}.Release|Any CPU.ActiveCfg = Release|Any CPU
		{E70F38C8-DDD9-41CC-AD89-6EF021A78ACA}.Release|Any CPU.Build.0 = Release|Any CPU
		{B499A20A-EA47-4965-B76C-4048BC47CA7A}.Debug|Any CPU.ActiveCfg = Debug|Any CPU
		{B499A20A-EA47-4965-B76C-4048BC47CA7A}.Debug|Any CPU.Build.0 = Debug|Any CPU
		{B499A20A-EA47-4965-B76C-4048BC47CA7A}.Release|Any CPU.ActiveCfg = Release|Any CPU
		{B499A20A-EA47-4965-B76C-4048BC47CA7A}.Release|Any CPU.Build.0 = Release|Any CPU
		{433C92BD-FB53-4DB7-8188-240991F07979}.Debug|Any CPU.ActiveCfg = Debug|Any CPU
		{433C92BD-FB53-4DB7-8188-240991F07979}.Debug|Any CPU.Build.0 = Debug|Any CPU
		{433C92BD-FB53-4DB7-8188-240991F07979}.Release|Any CPU.ActiveCfg = Release|Any CPU
		{433C92BD-FB53-4DB7-8188-240991F07979}.Release|Any CPU.Build.0 = Release|Any CPU
		{DD2D1446-5E9D-42B5-943F-B38B24EB9237}.Debug|Any CPU.ActiveCfg = Debug|Any CPU
		{DD2D1446-5E9D-42B5-943F-B38B24EB9237}.Debug|Any CPU.Build.0 = Debug|Any CPU
		{DD2D1446-5E9D-42B5-943F-B38B24EB9237}.Release|Any CPU.ActiveCfg = Release|Any CPU
		{DD2D1446-5E9D-42B5-943F-B38B24EB9237}.Release|Any CPU.Build.0 = Release|Any CPU
		{768FE796-ECFF-45CC-AFDC-045FAEF0572D}.Debug|Any CPU.ActiveCfg = Debug|Any CPU
		{768FE796-ECFF-45CC-AFDC-045FAEF0572D}.Debug|Any CPU.Build.0 = Debug|Any CPU
		{768FE796-ECFF-45CC-AFDC-045FAEF0572D}.Release|Any CPU.ActiveCfg = Release|Any CPU
		{768FE796-ECFF-45CC-AFDC-045FAEF0572D}.Release|Any CPU.Build.0 = Release|Any CPU
		{7B3FB852-C41C-4A61-AE51-F19F29CF14C7}.Debug|Any CPU.ActiveCfg = Debug|Any CPU
		{7B3FB852-C41C-4A61-AE51-F19F29CF14C7}.Debug|Any CPU.Build.0 = Debug|Any CPU
		{7B3FB852-C41C-4A61-AE51-F19F29CF14C7}.Release|Any CPU.ActiveCfg = Release|Any CPU
		{7B3FB852-C41C-4A61-AE51-F19F29CF14C7}.Release|Any CPU.Build.0 = Release|Any CPU
		{861A0711-CFCF-4023-9BDD-81E3CC162114}.Debug|Any CPU.ActiveCfg = Debug|Any CPU
		{861A0711-CFCF-4023-9BDD-81E3CC162114}.Debug|Any CPU.Build.0 = Debug|Any CPU
		{861A0711-CFCF-4023-9BDD-81E3CC162114}.Release|Any CPU.ActiveCfg = Release|Any CPU
		{861A0711-CFCF-4023-9BDD-81E3CC162114}.Release|Any CPU.Build.0 = Release|Any CPU
		{A9549DFA-5ED9-47F7-9528-11665B8D61B2}.Debug|Any CPU.ActiveCfg = Debug|Any CPU
		{A9549DFA-5ED9-47F7-9528-11665B8D61B2}.Debug|Any CPU.Build.0 = Debug|Any CPU
		{A9549DFA-5ED9-47F7-9528-11665B8D61B2}.Release|Any CPU.ActiveCfg = Release|Any CPU
		{A9549DFA-5ED9-47F7-9528-11665B8D61B2}.Release|Any CPU.Build.0 = Release|Any CPU
	EndGlobalSection
	GlobalSection(SolutionProperties) = preSolution
		HideSolutionNode = FALSE
	EndGlobalSection
	GlobalSection(NestedProjects) = preSolution
		{660D5C54-A3B5-472D-8599-A792453654C5} = {402E34C0-20E3-46BD-B418-0F1B5E0A90CE}
		{F2E46D69-4E31-4FE8-9C92-D2B3EB035B16} = {660D5C54-A3B5-472D-8599-A792453654C5}
		{A73A6826-E3EB-489C-AC06-0005E3D3C08A} = {660D5C54-A3B5-472D-8599-A792453654C5}
		{E2095176-BC15-4470-A6A4-E05402AC4F74} = {402E34C0-20E3-46BD-B418-0F1B5E0A90CE}
		{4A0D558A-27FF-4F06-BFE3-6EF50FA87688} = {475255B3-A1C1-4C90-A24D-FAF3C71FFABD}
		{C5729AA7-2484-43BE-8E3C-63BF3CF23CC7} = {475255B3-A1C1-4C90-A24D-FAF3C71FFABD}
		{4F10293E-E206-413F-94AE-F452C01CEE7D} = {F2E46D69-4E31-4FE8-9C92-D2B3EB035B16}
		{F92FAEDB-118F-418A-95D1-15D63B9442D6} = {F2E46D69-4E31-4FE8-9C92-D2B3EB035B16}
		{8CEB27A0-DE1D-4880-BAB4-89A1C7587189} = {A73A6826-E3EB-489C-AC06-0005E3D3C08A}
		{9FCC0870-A6C4-4358-B16E-41F1D7FFFDA2} = {A73A6826-E3EB-489C-AC06-0005E3D3C08A}
		{8A9B1727-DF0B-41A3-91CE-0783CDD42C73} = {E2095176-BC15-4470-A6A4-E05402AC4F74}
		{B648F456-4C09-490C-BDBD-418233DF2E7A} = {402E34C0-20E3-46BD-B418-0F1B5E0A90CE}
		{B332704C-EEF2-4F11-860E-9D1A66363B63} = {B648F456-4C09-490C-BDBD-418233DF2E7A}
		{8CD227A4-7669-4C31-8EFE-6EA96C260818} = {B648F456-4C09-490C-BDBD-418233DF2E7A}
		{25844ABC-1EA6-4E33-B7E7-AC3829D670D7} = {35A4D330-651D-4DF0-8EE6-7CCCACAB5AD9}
		{1E9160FF-DA6F-40A5-983A-4446BDDC3D12} = {475255B3-A1C1-4C90-A24D-FAF3C71FFABD}
		{88DDD70B-AD97-435A-B13B-F364D90A7C05} = {1E9160FF-DA6F-40A5-983A-4446BDDC3D12}
		{E9A4C1A9-80B8-4DFD-AA59-34A8FBAE8523} = {88DDD70B-AD97-435A-B13B-F364D90A7C05}
		{06AC9BBB-2FD2-4E81-96CE-26BCC634E849} = {88DDD70B-AD97-435A-B13B-F364D90A7C05}
		{D0D3933D-CBAF-42D7-9444-DCDC0BE2DE25} = {88DDD70B-AD97-435A-B13B-F364D90A7C05}
		{3515477D-4DA9-4F5D-B237-C78A9E27F856} = {475255B3-A1C1-4C90-A24D-FAF3C71FFABD}
		{1F0BA5E5-3380-4662-9428-B19B2429BBF0} = {3515477D-4DA9-4F5D-B237-C78A9E27F856}
		{E70F38C8-DDD9-41CC-AD89-6EF021A78ACA} = {3515477D-4DA9-4F5D-B237-C78A9E27F856}
		{25383714-6692-41CA-9D27-744B8E0353D4} = {1E9160FF-DA6F-40A5-983A-4446BDDC3D12}
		{B499A20A-EA47-4965-B76C-4048BC47CA7A} = {25383714-6692-41CA-9D27-744B8E0353D4}
		{433C92BD-FB53-4DB7-8188-240991F07979} = {25383714-6692-41CA-9D27-744B8E0353D4}
		{DD2D1446-5E9D-42B5-943F-B38B24EB9237} = {3515477D-4DA9-4F5D-B237-C78A9E27F856}
		{768FE796-ECFF-45CC-AFDC-045FAEF0572D} = {3515477D-4DA9-4F5D-B237-C78A9E27F856}
		{7B3FB852-C41C-4A61-AE51-F19F29CF14C7} = {3515477D-4DA9-4F5D-B237-C78A9E27F856}
		{C3A6CF17-B007-4EB5-AEB5-27F139282162} = {475255B3-A1C1-4C90-A24D-FAF3C71FFABD}
		{861A0711-CFCF-4023-9BDD-81E3CC162114} = {C3A6CF17-B007-4EB5-AEB5-27F139282162}
		{A9549DFA-5ED9-47F7-9528-11665B8D61B2} = {C3A6CF17-B007-4EB5-AEB5-27F139282162}
	EndGlobalSection
	GlobalSection(ExtensibilityGlobals) = postSolution
		SolutionGuid = {283376F5-2404-4A5C-A841-483D40051866}
	EndGlobalSection
EndGlobal
